
Microsoft Visual Studio Solution File, Format Version 12.00
# Visual Studio Version 16
VisualStudioVersion = 16.0.31205.134
MinimumVisualStudioVersion = 10.0.40219.1
Project("{FAE04EC0-301F-11D3-BF4B-00C04F79EFBC}") = "Median cut", "Median cut.csproj", "{AAEBCD68-84D6-4185-9582-57D0FBA295CA}"
EndProject
Global
	GlobalSection(SolutionConfigurationPlatforms) = preSolution
		Debug|Any CPU = Debug|Any CPU
		Release|Any CPU = Release|Any CPU
	EndGlobalSection
	GlobalSection(ProjectConfigurationPlatforms) = postSolution
		{AAEBCD68-84D6-4185-9582-57D0FBA295CA}.Debug|Any CPU.ActiveCfg = Debug|Any CPU
		{AAEBCD68-84D6-4185-9582-57D0FBA295CA}.Debug|Any CPU.Build.0 = Debug|Any CPU
		{AAEBCD68-84D6-4185-9582-57D0FBA295CA}.Release|Any CPU.ActiveCfg = Release|Any CPU
		{AAEBCD68-84D6-4185-9582-57D0FBA295CA}.Release|Any CPU.Build.0 = Release|Any CPU
	EndGlobalSection
	GlobalSection(SolutionProperties) = preSolution
		HideSolutionNode = FALSE
	EndGlobalSection
	GlobalSection(ExtensibilityGlobals) = postSolution
		SolutionGuid = {800B3B23-3869-4DC1-B2B5-2BB81645E073}
	EndGlobalSection
EndGlobal
